// !$*UTF8*$!
{
	archiveVersion = 1;
	classes = {
	};
	objectVersion = 46;
	objects = {

/* Begin PBXBuildFile section */
		490F4BFB1C1B76D500B14CBB /* openBahn_SDK_iOS.h in CopyFiles */ = {isa = PBXBuildFile; fileRef = 490F4BFA1C1B76D500B14CBB /* openBahn_SDK_iOS.h */; };
		490F4BFD1C1B76D500B14CBB /* openBahn_SDK_iOS.m in Sources */ = {isa = PBXBuildFile; fileRef = 490F4BFC1C1B76D500B14CBB /* openBahn_SDK_iOS.m */; };
		490F4C0A1C1B76E100B14CBB /* Tests.m in Sources */ = {isa = PBXBuildFile; fileRef = 490F4C091C1B76E100B14CBB /* Tests.m */; };
		490F4C0C1C1B76E100B14CBB /* libopenBahn-SDK-iOS.a in Frameworks */ = {isa = PBXBuildFile; fileRef = 490F4BF71C1B76D500B14CBB /* libopenBahn-SDK-iOS.a */; };
		490F4C141C1B778200B14CBB /* ODBSimpleAPI.m in Sources */ = {isa = PBXBuildFile; fileRef = 490F4C131C1B778200B14CBB /* ODBSimpleAPI.m */; };
/* End PBXBuildFile section */

/* Begin PBXContainerItemProxy section */
		490F4C0D1C1B76E100B14CBB /* PBXContainerItemProxy */ = {
			isa = PBXContainerItemProxy;
			containerPortal = 490F4BEF1C1B76D500B14CBB /* Project object */;
			proxyType = 1;
			remoteGlobalIDString = 490F4BF61C1B76D500B14CBB;
			remoteInfo = "openBahn-SDK-iOS";
		};
/* End PBXContainerItemProxy section */

/* Begin PBXCopyFilesBuildPhase section */
		490F4BF51C1B76D500B14CBB /* CopyFiles */ = {
			isa = PBXCopyFilesBuildPhase;
			buildActionMask = 2147483647;
			dstPath = "include/$(PRODUCT_NAME)";
			dstSubfolderSpec = 16;
			files = (
				490F4BFB1C1B76D500B14CBB /* openBahn_SDK_iOS.h in CopyFiles */,
			);
			runOnlyForDeploymentPostprocessing = 0;
		};
/* End PBXCopyFilesBuildPhase section */

/* Begin PBXFileReference section */
		490F4BF71C1B76D500B14CBB /* libopenBahn-SDK-iOS.a */ = {isa = PBXFileReference; explicitFileType = archive.ar; includeInIndex = 0; path = "libopenBahn-SDK-iOS.a"; sourceTree = BUILT_PRODUCTS_DIR; };
		490F4BFA1C1B76D500B14CBB /* openBahn_SDK_iOS.h */ = {isa = PBXFileReference; lastKnownFileType = sourcecode.c.h; path = openBahn_SDK_iOS.h; sourceTree = "<group>"; };
		490F4BFC1C1B76D500B14CBB /* openBahn_SDK_iOS.m */ = {isa = PBXFileReference; lastKnownFileType = sourcecode.c.objc; path = openBahn_SDK_iOS.m; sourceTree = "<group>"; };
		490F4C071C1B76E100B14CBB /* Tests.xctest */ = {isa = PBXFileReference; explicitFileType = wrapper.cfbundle; includeInIndex = 0; path = Tests.xctest; sourceTree = BUILT_PRODUCTS_DIR; };
		490F4C091C1B76E100B14CBB /* Tests.m */ = {isa = PBXFileReference; lastKnownFileType = sourcecode.c.objc; path = Tests.m; sourceTree = "<group>"; };
		490F4C0B1C1B76E100B14CBB /* Info.plist */ = {isa = PBXFileReference; lastKnownFileType = text.plist.xml; path = Info.plist; sourceTree = "<group>"; };
		490F4C121C1B778200B14CBB /* ODBSimpleAPI.h */ = {isa = PBXFileReference; fileEncoding = 4; lastKnownFileType = sourcecode.c.h; path = ODBSimpleAPI.h; sourceTree = "<group>"; };
		490F4C131C1B778200B14CBB /* ODBSimpleAPI.m */ = {isa = PBXFileReference; fileEncoding = 4; lastKnownFileType = sourcecode.c.objc; path = ODBSimpleAPI.m; sourceTree = "<group>"; };
/* End PBXFileReference section */

/* Begin PBXFrameworksBuildPhase section */
		490F4BF41C1B76D500B14CBB /* Frameworks */ = {
			isa = PBXFrameworksBuildPhase;
			buildActionMask = 2147483647;
			files = (
			);
			runOnlyForDeploymentPostprocessing = 0;
		};
		490F4C041C1B76E100B14CBB /* Frameworks */ = {
			isa = PBXFrameworksBuildPhase;
			buildActionMask = 2147483647;
			files = (
				490F4C0C1C1B76E100B14CBB /* libopenBahn-SDK-iOS.a in Frameworks */,
			);
			runOnlyForDeploymentPostprocessing = 0;
		};
/* End PBXFrameworksBuildPhase section */

/* Begin PBXGroup section */
		490F4BEE1C1B76D500B14CBB = {
			isa = PBXGroup;
			children = (
				490F4BF91C1B76D500B14CBB /* openBahn-SDK-iOS */,
				490F4C081C1B76E100B14CBB /* Tests */,
				490F4BF81C1B76D500B14CBB /* Products */,
			);
			sourceTree = "<group>";
		};
		490F4BF81C1B76D500B14CBB /* Products */ = {
			isa = PBXGroup;
			children = (
				490F4BF71C1B76D500B14CBB /* libopenBahn-SDK-iOS.a */,
				490F4C071C1B76E100B14CBB /* Tests.xctest */,
			);
			name = Products;
			sourceTree = "<group>";
		};
		490F4BF91C1B76D500B14CBB /* openBahn-SDK-iOS */ = {
			isa = PBXGroup;
			children = (
				490F4BFA1C1B76D500B14CBB /* openBahn_SDK_iOS.h */,
				490F4BFC1C1B76D500B14CBB /* openBahn_SDK_iOS.m */,
				490F4C121C1B778200B14CBB /* ODBSimpleAPI.h */,
				490F4C131C1B778200B14CBB /* ODBSimpleAPI.m */,
			);
			path = "openBahn-SDK-iOS";
			sourceTree = "<group>";
		};
		490F4C081C1B76E100B14CBB /* Tests */ = {
			isa = PBXGroup;
			children = (
				490F4C091C1B76E100B14CBB /* Tests.m */,
				490F4C0B1C1B76E100B14CBB /* Info.plist */,
			);
			path = Tests;
			sourceTree = "<group>";
		};
/* End PBXGroup section */

/* Begin PBXNativeTarget section */
		490F4BF61C1B76D500B14CBB /* openBahn-SDK-iOS */ = {
			isa = PBXNativeTarget;
			buildConfigurationList = 490F4C001C1B76D500B14CBB /* Build configuration list for PBXNativeTarget "openBahn-SDK-iOS" */;
			buildPhases = (
				490F4BF31C1B76D500B14CBB /* Sources */,
				490F4BF41C1B76D500B14CBB /* Frameworks */,
				490F4BF51C1B76D500B14CBB /* CopyFiles */,
			);
			buildRules = (
			);
			dependencies = (
			);
			name = "openBahn-SDK-iOS";
			productName = "openBahn-SDK-iOS";
			productReference = 490F4BF71C1B76D500B14CBB /* libopenBahn-SDK-iOS.a */;
			productType = "com.apple.product-type.library.static";
		};
		490F4C061C1B76E100B14CBB /* Tests */ = {
			isa = PBXNativeTarget;
			buildConfigurationList = 490F4C0F1C1B76E100B14CBB /* Build configuration list for PBXNativeTarget "Tests" */;
			buildPhases = (
				490F4C031C1B76E100B14CBB /* Sources */,
				490F4C041C1B76E100B14CBB /* Frameworks */,
				490F4C051C1B76E100B14CBB /* Resources */,
			);
			buildRules = (
			);
			dependencies = (
				490F4C0E1C1B76E100B14CBB /* PBXTargetDependency */,
			);
			name = Tests;
			productName = Tests;
			productReference = 490F4C071C1B76E100B14CBB /* Tests.xctest */;
			productType = "com.apple.product-type.bundle.unit-test";
		};
/* End PBXNativeTarget section */

/* Begin PBXProject section */
		490F4BEF1C1B76D500B14CBB /* Project object */ = {
			isa = PBXProject;
			attributes = {
				LastUpgradeCheck = 0710;
				ORGANIZATIONNAME = "Andreas Buff";
				TargetAttributes = {
					490F4BF61C1B76D500B14CBB = {
						CreatedOnToolsVersion = 7.1.1;
					};
					490F4C061C1B76E100B14CBB = {
						CreatedOnToolsVersion = 7.1.1;
					};
				};
			};
			buildConfigurationList = 490F4BF21C1B76D500B14CBB /* Build configuration list for PBXProject "openBahn-SDK-iOS" */;
			compatibilityVersion = "Xcode 3.2";
			developmentRegion = English;
			hasScannedForEncodings = 0;
			knownRegions = (
				en,
			);
			mainGroup = 490F4BEE1C1B76D500B14CBB;
			productRefGroup = 490F4BF81C1B76D500B14CBB /* Products */;
			projectDirPath = "";
			projectRoot = "";
			targets = (
				490F4BF61C1B76D500B14CBB /* openBahn-SDK-iOS */,
				490F4C061C1B76E100B14CBB /* Tests */,
			);
		};
/* End PBXProject section */

/* Begin PBXResourcesBuildPhase section */
		490F4C051C1B76E100B14CBB /* Resources */ = {
			isa = PBXResourcesBuildPhase;
			buildActionMask = 2147483647;
			files = (
			);
			runOnlyForDeploymentPostprocessing = 0;
		};
/* End PBXResourcesBuildPhase section */

/* Begin PBXSourcesBuildPhase section */
		490F4BF31C1B76D500B14CBB /* Sources */ = {
			isa = PBXSourcesBuildPhase;
			buildActionMask = 2147483647;
			files = (
				490F4C141C1B778200B14CBB /* ODBSimpleAPI.m in Sources */,
				490F4BFD1C1B76D500B14CBB /* openBahn_SDK_iOS.m in Sources */,
			);
			runOnlyForDeploymentPostprocessing = 0;
		};
		490F4C031C1B76E100B14CBB /* Sources */ = {
			isa = PBXSourcesBuildPhase;
			buildActionMask = 2147483647;
			files = (
				490F4C0A1C1B76E100B14CBB /* Tests.m in Sources */,
			);
			runOnlyForDeploymentPostprocessing = 0;
		};
/* End PBXSourcesBuildPhase section */

/* Begin PBXTargetDependency section */
		490F4C0E1C1B76E100B14CBB /* PBXTargetDependency */ = {
			isa = PBXTargetDependency;
			target = 490F4BF61C1B76D500B14CBB /* openBahn-SDK-iOS */;
			targetProxy = 490F4C0D1C1B76E100B14CBB /* PBXContainerItemProxy */;
		};
/* End PBXTargetDependency section */

/* Begin XCBuildConfiguration section */
		490F4BFE1C1B76D500B14CBB /* Debug */ = {
			isa = XCBuildConfiguration;
			buildSettings = {
				ALWAYS_SEARCH_USER_PATHS = NO;
				CLANG_CXX_LANGUAGE_STANDARD = "gnu++0x";
				CLANG_CXX_LIBRARY = "libc++";
				CLANG_ENABLE_MODULES = YES;
				CLANG_ENABLE_OBJC_ARC = YES;
				CLANG_WARN_BOOL_CONVERSION = YES;
				CLANG_WARN_CONSTANT_CONVERSION = YES;
				CLANG_WARN_DIRECT_OBJC_ISA_USAGE = YES_ERROR;
				CLANG_WARN_EMPTY_BODY = YES;
				CLANG_WARN_ENUM_CONVERSION = YES;
				CLANG_WARN_INT_CONVERSION = YES;
				CLANG_WARN_OBJC_ROOT_CLASS = YES_ERROR;
				CLANG_WARN_UNREACHABLE_CODE = YES;
				CLANG_WARN__DUPLICATE_METHOD_MATCH = YES;
				"CODE_SIGN_IDENTITY[sdk=iphoneos*]" = "iPhone Developer";
				COPY_PHASE_STRIP = NO;
				DEBUG_INFORMATION_FORMAT = dwarf;
				ENABLE_STRICT_OBJC_MSGSEND = YES;
				ENABLE_TESTABILITY = YES;
				GCC_C_LANGUAGE_STANDARD = gnu99;
				GCC_DYNAMIC_NO_PIC = NO;
				GCC_NO_COMMON_BLOCKS = YES;
				GCC_OPTIMIZATION_LEVEL = 0;
				GCC_PREPROCESSOR_DEFINITIONS = (
					"DEBUG=1",
					"$(inherited)",
				);
				GCC_WARN_64_TO_32_BIT_CONVERSION = YES;
				GCC_WARN_ABOUT_RETURN_TYPE = YES_ERROR;
				GCC_WARN_UNDECLARED_SELECTOR = YES;
				GCC_WARN_UNINITIALIZED_AUTOS = YES_AGGRESSIVE;
				GCC_WARN_UNUSED_FUNCTION = YES;
				GCC_WARN_UNUSED_VARIABLE = YES;
				IPHONEOS_DEPLOYMENT_TARGET = 9.1;
				MTL_ENABLE_DEBUG_INFO = YES;
				ONLY_ACTIVE_ARCH = YES;
				SDKROOT = iphoneos;
			};
			name = Debug;
		};
		490F4BFF1C1B76D500B14CBB /* Release */ = {
			isa = XCBuildConfiguration;
			buildSettings = {
				ALWAYS_SEARCH_USER_PATHS = NO;
				CLANG_CXX_LANGUAGE_STANDARD = "gnu++0x";
				CLANG_CXX_LIBRARY = "libc++";
				CLANG_ENABLE_MODULES = YES;
				CLANG_ENABLE_OBJC_ARC = YES;
				CLANG_WARN_BOOL_CONVERSION = YES;
				CLANG_WARN_CONSTANT_CONVERSION = YES;
				CLANG_WARN_DIRECT_OBJC_ISA_USAGE = YES_ERROR;
				CLANG_WARN_EMPTY_BODY = YES;
				CLANG_WARN_ENUM_CONVERSION = YES;
				CLANG_WARN_INT_CONVERSION = YES;
				CLANG_WARN_OBJC_ROOT_CLASS = YES_ERROR;
				CLANG_WARN_UNREACHABLE_CODE = YES;
				CLANG_WARN__DUPLICATE_METHOD_MATCH = YES;
				"CODE_SIGN_IDENTITY[sdk=iphoneos*]" = "iPhone Developer";
				COPY_PHASE_STRIP = NO;
				DEBUG_INFORMATION_FORMAT = "dwarf-with-dsym";
				ENABLE_NS_ASSERTIONS = NO;
				ENABLE_STRICT_OBJC_MSGSEND = YES;
				GCC_C_LANGUAGE_STANDARD = gnu99;
				GCC_NO_COMMON_BLOCKS = YES;
				GCC_WARN_64_TO_32_BIT_CONVERSION = YES;
				GCC_WARN_ABOUT_RETURN_TYPE = YES_ERROR;
				GCC_WARN_UNDECLARED_SELECTOR = YES;
				GCC_WARN_UNINITIALIZED_AUTOS = YES_AGGRESSIVE;
				GCC_WARN_UNUSED_FUNCTION = YES;
				GCC_WARN_UNUSED_VARIABLE = YES;
				IPHONEOS_DEPLOYMENT_TARGET = 9.1;
				MTL_ENABLE_DEBUG_INFO = NO;
				SDKROOT = iphoneos;
				VALIDATE_PRODUCT = YES;
			};
			name = Release;
		};
		490F4C011C1B76D500B14CBB /* Debug */ = {
			isa = XCBuildConfiguration;
			buildSettings = {
				OTHER_LDFLAGS = "-ObjC";
				PRODUCT_NAME = "$(TARGET_NAME)";
				SKIP_INSTALL = YES;
			};
			name = Debug;
		};
		490F4C021C1B76D500B14CBB /* Release */ = {
			isa = XCBuildConfiguration;
			buildSettings = {
				OTHER_LDFLAGS = "-ObjC";
				PRODUCT_NAME = "$(TARGET_NAME)";
				SKIP_INSTALL = YES;
			};
			name = Release;
		};
		490F4C101C1B76E100B14CBB /* Debug */ = {
			isa = XCBuildConfiguration;
			buildSettings = {
				INFOPLIST_FILE = Tests/Info.plist;
				LD_RUNPATH_SEARCH_PATHS = "$(inherited) @executable_path/Frameworks @loader_path/Frameworks";
				PRODUCT_BUNDLE_IDENTIFIER = de.buffhaltestelle.Tests;
				PRODUCT_NAME = "$(TARGET_NAME)";
			};
			name = Debug;
		};
		490F4C111C1B76E100B14CBB /* Release */ = {
			isa = XCBuildConfiguration;
			buildSettings = {
				INFOPLIST_FILE = Tests/Info.plist;
				LD_RUNPATH_SEARCH_PATHS = "$(inherited) @executable_path/Frameworks @loader_path/Frameworks";
				PRODUCT_BUNDLE_IDENTIFIER = de.buffhaltestelle.Tests;
				PRODUCT_NAME = "$(TARGET_NAME)";
			};
			name = Release;
		};
/* End XCBuildConfiguration section */

/* Begin XCConfigurationList section */
		490F4BF21C1B76D500B14CBB /* Build configuration list for PBXProject "openBahn-SDK-iOS" */ = {
			isa = XCConfigurationList;
			buildConfigurations = (
				490F4BFE1C1B76D500B14CBB /* Debug */,
				490F4BFF1C1B76D500B14CBB /* Release */,
			);
			defaultConfigurationIsVisible = 0;
			defaultConfigurationName = Release;
		};
		490F4C001C1B76D500B14CBB /* Build configuration list for PBXNativeTarget "openBahn-SDK-iOS" */ = {
			isa = XCConfigurationList;
			buildConfigurations = (
				490F4C011C1B76D500B14CBB /* Debug */,
				490F4C021C1B76D500B14CBB /* Release */,
			);
			defaultConfigurationIsVisible = 0;
			defaultConfigurationName = Release;
		};
		490F4C0F1C1B76E100B14CBB /* Build configuration list for PBXNativeTarget "Tests" */ = {
			isa = XCConfigurationList;
			buildConfigurations = (
				490F4C101C1B76E100B14CBB /* Debug */,
				490F4C111C1B76E100B14CBB /* Release */,
			);
			defaultConfigurationIsVisible = 0;
			defaultConfigurationName = Release;
		};
/* End XCConfigurationList section */
	};
	rootObject = 490F4BEF1C1B76D500B14CBB /* Project object */;
}
